github.com/gabriel-vasile/mimetype v1.4.13 h1:46nXokslUBsAJE/wMsp5gtO500a4F3Nkz9Ufpk2AcUM=
github.com/gabriel-vasile/mimetype v1.4.13/go.mod h1:d+9Oxyo1wTzWdyVUPMmXFvp4F9tea18J8ufA774AB3s=
github.com/wordgen/wordgen v0.4.0 h1:auxV46r9QSW2rvidzW1iBjA+ftl3owEHZrP/1GTRAus=
github.com/wordgen/wordgen v0.4.0/go.mod h1:x90ETdoxrm7I7qhVxT8QJHoOgEv66YDen1fUadBNHiI=
github.com/wordgen/wordlists v0.3.0 h1:Q9xIl5506DIvNy3INC6Q+4KQwjfczzh/PZye4Tkkw3c=
github.com/wordgen/wordlists v0.3.0/go.mod h1:M74rW8w0qhadSpPYkCx/rBWWQWEXKCP4VFLaUEhrLs8=
github.com/wordgen/wordlists/eff v0.3.0 h1:rYCBa4ntXBHDkuu904KCejK+alZsz4+Aue539pXsghE=
github.com/wordgen/wordlists/eff v0.3.0/go.mod h1:hsLXGcWdZhzUQ9QXCMrXHl4euoclcCadzhQe2ERLL6w=
github.com/wordgen/wordlists/names v0.3.0 h1:C0MOiqGisPE/KLabX4ZpJnmztF226xSlAbM++Z7anZc=
github.com/wordgen/wordlists/names v0.3.0/go.mod h1:qpt/50GQaDbuQk+nXs0EuEdVcTywAcL6eDRrD4vikHY=
golang.org/x/text v0.37.0 h1:Cqjiwd9eSg8e0QAkyCaQTNHFIIzWtidPahFWR83rTrc=
golang.org/x/text v0.37.0/go.mod h1:a5sjxXGs9hsn/AJVwuElvCAo9v8QYLzvavO5z2PiM38=
