github.com/gabriel-vasile/mimetype v1.4.4 h1:QjV6pZ7/XZ7ryI2KuyeEDE8wnh7fHP9YnQy+R0LnH8I=
github.com/gabriel-vasile/mimetype v1.4.4/go.mod h1:JwLei5XPtWdGiMFB5Pjle1oEeoSeEuJfJE+TtfvdB/s=
github.com/wordgen/wordgen v0.4.0 h1:auxV46r9QSW2rvidzW1iBjA+ftl3owEHZrP/1GTRAus=
github.com/wordgen/wordgen v0.4.0/go.mod h1:x90ETdoxrm7I7qhVxT8QJHoOgEv66YDen1fUadBNHiI=
github.com/wordgen/wordlists v0.3.0 h1:Q9xIl5506DIvNy3INC6Q+4KQwjfczzh/PZye4Tkkw3c=
github.com/wordgen/wordlists v0.3.0/go.mod h1:M74rW8w0qhadSpPYkCx/rBWWQWEXKCP4VFLaUEhrLs8=
github.com/wordgen/wordlists/eff v0.3.0 h1:rYCBa4ntXBHDkuu904KCejK+alZsz4+Aue539pXsghE=
github.com/wordgen/wordlists/eff v0.3.0/go.mod h1:hsLXGcWdZhzUQ9QXCMrXHl4euoclcCadzhQe2ERLL6w=
github.com/wordgen/wordlists/names v0.3.0 h1:C0MOiqGisPE/KLabX4ZpJnmztF226xSlAbM++Z7anZc=
github.com/wordgen/wordlists/names v0.3.0/go.mod h1:qpt/50GQaDbuQk+nXs0EuEdVcTywAcL6eDRrD4vikHY=
golang.org/x/net v0.26.0 h1:soB7SVo0PWrY4vPW/+ay0jKDNScG2X9wFeYlXIvJsOQ=
golang.org/x/net v0.26.0/go.mod h1:5YKkiSynbBIh3p6iOc/vibscux0x38BZDkn8sCUPxHE=
golang.org/x/text v0.16.0 h1:a94ExnEXNtEwYLGJSIUxnWoxoRz/ZcCsV63ROupILh4=
golang.org/x/text v0.16.0/go.mod h1:GhwF1Be+LQoKShO3cGOHzqOgRrGaYc9AvblQOmPVHnI=
